// !$*UTF8*$!
{
	archiveVersion = 1;
	classes = {
	};
	objectVersion = 56;
	objects = {

/* Begin PBXBuildFile section */
		EA2796AC2CA4869500932D07 /* BusinessCalculatorApp.swift in Sources */ = {isa = PBXBuildFile; fileRef = EA2796AB2CA4869500932D07 /* BusinessCalculatorApp.swift */; };
		EA2796AE2CA4869500932D07 /* ContentView.swift in Sources */ = {isa = PBXBuildFile; fileRef = EA2796AD2CA4869500932D07 /* ContentView.swift */; };
		EA2796B02CA4869800932D07 /* Assets.xcassets in Resources */ = {isa = PBXBuildFile; fileRef = EA2796AF2CA4869800932D07 /* Assets.xcassets */; };
		EA2796B32CA4869800932D07 /* Preview Assets.xcassets in Resources */ = {isa = PBXBuildFile; fileRef = EA2796B22CA4869800932D07 /* Preview Assets.xcassets */; };
		EA2796BD2CA4869900932D07 /* BusinessCalculatorTests.swift in Sources */ = {isa = PBXBuildFile; fileRef = EA2796BC2CA4869900932D07 /* BusinessCalculatorTests.swift */; };
		EA2796C72CA4869900932D07 /* BusinessCalculatorUITests.swift in Sources */ = {isa = PBXBuildFile; fileRef = EA2796C62CA4869900932D07 /* BusinessCalculatorUITests.swift */; };
		EA2796C92CA4869900932D07 /* BusinessCalculatorUITestsLaunchTests.swift in Sources */ = {isa = PBXBuildFile; fileRef = EA2796C82CA4869900932D07 /* BusinessCalculatorUITestsLaunchTests.swift */; };
		EA2796D82CA487C000932D07 /* BasicCalculatorView.swift in Sources */ = {isa = PBXBuildFile; fileRef = EA2796D72CA487C000932D07 /* BasicCalculatorView.swift */; };
		EA2796DE2CA4920400932D07 /* PercentageCalculatorMainView.swift in Sources */ = {isa = PBXBuildFile; fileRef = EA2796DD2CA4920400932D07 /* PercentageCalculatorMainView.swift */; };
		EA2796E02CA4926400932D07 /* WhatPercentageIsView.swift in Sources */ = {isa = PBXBuildFile; fileRef = EA2796DF2CA4926400932D07 /* WhatPercentageIsView.swift */; };
		EA2796E22CA4927D00932D07 /* DecreaseByPercentageView.swift in Sources */ = {isa = PBXBuildFile; fileRef = EA2796E12CA4927D00932D07 /* DecreaseByPercentageView.swift */; };
		EA2796E42CA4929600932D07 /* IncreaseByPercentageView.swift in Sources */ = {isa = PBXBuildFile; fileRef = EA2796E32CA4929600932D07 /* IncreaseByPercentageView.swift */; };
		EA2796E62CA492A700932D07 /* FindPercentageView.swift in Sources */ = {isa = PBXBuildFile; fileRef = EA2796E52CA492A700932D07 /* FindPercentageView.swift */; };
		EA2796E82CA4CE3B00932D07 /* Color+Hex.swift in Sources */ = {isa = PBXBuildFile; fileRef = EA2796E72CA4CE3B00932D07 /* Color+Hex.swift */; };
		EA9830662CAC1857005A107D /* Launch Screen.storyboard in Resources */ = {isa = PBXBuildFile; fileRef = EA9830652CAC1857005A107D /* Launch Screen.storyboard */; };
		EA9830682CAEAF15005A107D /* UIView+Extensions.swift in Sources */ = {isa = PBXBuildFile; fileRef = EA9830672CAEAF15005A107D /* UIView+Extensions.swift */; };
		EA98306C2CAED0B4005A107D /* MenuView.swift in Sources */ = {isa = PBXBuildFile; fileRef = EA98306B2CAED0B4005A107D /* MenuView.swift */; };
		EA9830702CAEF66C005A107D /* InfoView.swift in Sources */ = {isa = PBXBuildFile; fileRef = EA98306F2CAEF66C005A107D /* InfoView.swift */; };
		EA9830722CAEF885005A107D /* SettingsView.swift in Sources */ = {isa = PBXBuildFile; fileRef = EA9830712CAEF885005A107D /* SettingsView.swift */; };
		EAFCBD672CB948DE0020D4F8 /* ThemeManager.swift in Sources */ = {isa = PBXBuildFile; fileRef = EAFCBD662CB948D00020D4F8 /* ThemeManager.swift */; };
/* End PBXBuildFile section */

/* Begin PBXContainerItemProxy section */
		EA2796B92CA4869900932D07 /* PBXContainerItemProxy */ = {
			isa = PBXContainerItemProxy;
			containerPortal = EA2796A02CA4869500932D07 /* Project object */;
			proxyType = 1;
			remoteGlobalIDString = EA2796A72CA4869500932D07;
			remoteInfo = BusinessCalculator;
		};
		EA2796C32CA4869900932D07 /* PBXContainerItemProxy */ = {
			isa = PBXContainerItemProxy;
			containerPortal = EA2796A02CA4869500932D07 /* Project object */;
			proxyType = 1;
			remoteGlobalIDString = EA2796A72CA4869500932D07;
			remoteInfo = BusinessCalculator;
		};
/* End PBXContainerItemProxy section */

/* Begin PBXFileReference section */
		EA2796A82CA4869500932D07 /* Business Calculator.app */ = {isa = PBXFileReference; explicitFileType = wrapper.application; includeInIndex = 0; path = "Business Calculator.app"; sourceTree = BUILT_PRODUCTS_DIR; };
		EA2796AB2CA4869500932D07 /* BusinessCalculatorApp.swift */ = {isa = PBXFileReference; lastKnownFileType = sourcecode.swift; path = BusinessCalculatorApp.swift; sourceTree = "<group>"; };
		EA2796AD2CA4869500932D07 /* ContentView.swift */ = {isa = PBXFileReference; lastKnownFileType = sourcecode.swift; path = ContentView.swift; sourceTree = "<group>"; };
		EA2796AF2CA4869800932D07 /* Assets.xcassets */ = {isa = PBXFileReference; lastKnownFileType = folder.assetcatalog; path = Assets.xcassets; sourceTree = "<group>"; };
		EA2796B22CA4869800932D07 /* Preview Assets.xcassets */ = {isa = PBXFileReference; lastKnownFileType = folder.assetcatalog; path = "Preview Assets.xcassets"; sourceTree = "<group>"; };
		EA2796B82CA4869900932D07 /* BusinessCalculatorTests.xctest */ = {isa = PBXFileReference; explicitFileType = wrapper.cfbundle; includeInIndex = 0; path = BusinessCalculatorTests.xctest; sourceTree = BUILT_PRODUCTS_DIR; };
		EA2796BC2CA4869900932D07 /* BusinessCalculatorTests.swift */ = {isa = PBXFileReference; lastKnownFileType = sourcecode.swift; path = BusinessCalculatorTests.swift; sourceTree = "<group>"; };
		EA2796C22CA4869900932D07 /* BusinessCalculatorUITests.xctest */ = {isa = PBXFileReference; explicitFileType = wrapper.cfbundle; includeInIndex = 0; path = BusinessCalculatorUITests.xctest; sourceTree = BUILT_PRODUCTS_DIR; };
		EA2796C62CA4869900932D07 /* BusinessCalculatorUITests.swift */ = {isa = PBXFileReference; lastKnownFileType = sourcecode.swift; path = BusinessCalculatorUITests.swift; sourceTree = "<group>"; };
		EA2796C82CA4869900932D07 /* BusinessCalculatorUITestsLaunchTests.swift */ = {isa = PBXFileReference; lastKnownFileType = sourcecode.swift; path = BusinessCalculatorUITestsLaunchTests.swift; sourceTree = "<group>"; };
		EA2796D72CA487C000932D07 /* BasicCalculatorView.swift */ = {isa = PBXFileReference; lastKnownFileType = sourcecode.swift; path = BasicCalculatorView.swift; sourceTree = "<group>"; };
		EA2796DD2CA4920400932D07 /* PercentageCalculatorMainView.swift */ = {isa = PBXFileReference; lastKnownFileType = sourcecode.swift; path = PercentageCalculatorMainView.swift; sourceTree = "<group>"; };
		EA2796DF2CA4926400932D07 /* WhatPercentageIsView.swift */ = {isa = PBXFileReference; lastKnownFileType = sourcecode.swift; path = WhatPercentageIsView.swift; sourceTree = "<group>"; };
		EA2796E12CA4927D00932D07 /* DecreaseByPercentageView.swift */ = {isa = PBXFileReference; lastKnownFileType = sourcecode.swift; path = DecreaseByPercentageView.swift; sourceTree = "<group>"; tabWidth = 4; };
		EA2796E32CA4929600932D07 /* IncreaseByPercentageView.swift */ = {isa = PBXFileReference; lastKnownFileType = sourcecode.swift; path = IncreaseByPercentageView.swift; sourceTree = "<group>"; };
		EA2796E52CA492A700932D07 /* FindPercentageView.swift */ = {isa = PBXFileReference; lastKnownFileType = sourcecode.swift; path = FindPercentageView.swift; sourceTree = "<group>"; };
		EA2796E72CA4CE3B00932D07 /* Color+Hex.swift */ = {isa = PBXFileReference; lastKnownFileType = sourcecode.swift; path = "Color+Hex.swift"; sourceTree = "<group>"; };
		EA9830652CAC1857005A107D /* Launch Screen.storyboard */ = {isa = PBXFileReference; lastKnownFileType = file.storyboard; path = "Launch Screen.storyboard"; sourceTree = "<group>"; };
		EA9830672CAEAF15005A107D /* UIView+Extensions.swift */ = {isa = PBXFileReference; lastKnownFileType = sourcecode.swift; path = "UIView+Extensions.swift"; sourceTree = "<group>"; };
		EA98306B2CAED0B4005A107D /* MenuView.swift */ = {isa = PBXFileReference; lastKnownFileType = sourcecode.swift; path = MenuView.swift; sourceTree = "<group>"; };
		EA98306F2CAEF66C005A107D /* InfoView.swift */ = {isa = PBXFileReference; lastKnownFileType = sourcecode.swift; path = InfoView.swift; sourceTree = "<group>"; };
		EA9830712CAEF885005A107D /* SettingsView.swift */ = {isa = PBXFileReference; lastKnownFileType = sourcecode.swift; path = SettingsView.swift; sourceTree = "<group>"; };
		EAFCBD662CB948D00020D4F8 /* ThemeManager.swift */ = {isa = PBXFileReference; lastKnownFileType = sourcecode.swift; path = ThemeManager.swift; sourceTree = "<group>"; };
/* End PBXFileReference section */

/* Begin PBXFrameworksBuildPhase section */
		EA2796A52CA4869500932D07 /* Frameworks */ = {
			isa = PBXFrameworksBuildPhase;
			buildActionMask = 2147483647;
			files = (
			);
			runOnlyForDeploymentPostprocessing = 0;
		};
		EA2796B52CA4869900932D07 /* Frameworks */ = {
			isa = PBXFrameworksBuildPhase;
			buildActionMask = 2147483647;
			files = (
			);
			runOnlyForDeploymentPostprocessing = 0;
		};
		EA2796BF2CA4869900932D07 /* Frameworks */ = {
			isa = PBXFrameworksBuildPhase;
			buildActionMask = 2147483647;
			files = (
			);
			runOnlyForDeploymentPostprocessing = 0;
		};
/* End PBXFrameworksBuildPhase section */

/* Begin PBXGroup section */
		EA27969F2CA4869500932D07 = {
			isa = PBXGroup;
			children = (
				EA2796AA2CA4869500932D07 /* BusinessCalculator */,
				EA2796BB2CA4869900932D07 /* BusinessCalculatorTests */,
				EA2796C52CA4869900932D07 /* BusinessCalculatorUITests */,
				EA2796A92CA4869500932D07 /* Products */,
			);
			sourceTree = "<group>";
		};
		EA2796A92CA4869500932D07 /* Products */ = {
			isa = PBXGroup;
			children = (
				EA2796A82CA4869500932D07 /* Business Calculator.app */,
				EA2796B82CA4869900932D07 /* BusinessCalculatorTests.xctest */,
				EA2796C22CA4869900932D07 /* BusinessCalculatorUITests.xctest */,
			);
			name = Products;
			sourceTree = "<group>";
		};
		EA2796AA2CA4869500932D07 /* BusinessCalculator */ = {
			isa = PBXGroup;
			children = (
				EA2796AB2CA4869500932D07 /* BusinessCalculatorApp.swift */,
				EAFCBD662CB948D00020D4F8 /* ThemeManager.swift */,
				EAFCBD632CB6ACD80020D4F8 /* Extensions */,
				EA2796D52CA4871100932D07 /* Views */,
				EA2796B12CA4869800932D07 /* Preview Content */,
				EA2796AF2CA4869800932D07 /* Assets.xcassets */,
				EA9830652CAC1857005A107D /* Launch Screen.storyboard */,
			);
			path = BusinessCalculator;
			sourceTree = "<group>";
		};
		EA2796B12CA4869800932D07 /* Preview Content */ = {
			isa = PBXGroup;
			children = (
				EA2796B22CA4869800932D07 /* Preview Assets.xcassets */,
			);
			path = "Preview Content";
			sourceTree = "<group>";
		};
		EA2796BB2CA4869900932D07 /* BusinessCalculatorTests */ = {
			isa = PBXGroup;
			children = (
				EA2796BC2CA4869900932D07 /* BusinessCalculatorTests.swift */,
			);
			path = BusinessCalculatorTests;
			sourceTree = "<group>";
		};
		EA2796C52CA4869900932D07 /* BusinessCalculatorUITests */ = {
			isa = PBXGroup;
			children = (
				EA2796C62CA4869900932D07 /* BusinessCalculatorUITests.swift */,
				EA2796C82CA4869900932D07 /* BusinessCalculatorUITestsLaunchTests.swift */,
			);
			path = BusinessCalculatorUITests;
			sourceTree = "<group>";
		};
		EA2796D52CA4871100932D07 /* Views */ = {
			isa = PBXGroup;
			children = (
				EA2796AD2CA4869500932D07 /* ContentView.swift */,
				EA9830732CAEFA5D005A107D /* Menu */,
				EA2796DB2CA491B100932D07 /* BasicCalculator */,
				EA2796DC2CA491C400932D07 /* PercentageCalculator */,
			);
			path = Views;
			sourceTree = "<group>";
		};
		EA2796DB2CA491B100932D07 /* BasicCalculator */ = {
			isa = PBXGroup;
			children = (
				EA2796D72CA487C000932D07 /* BasicCalculatorView.swift */,
			);
			path = BasicCalculator;
			sourceTree = "<group>";
		};
		EA2796DC2CA491C400932D07 /* PercentageCalculator */ = {
			isa = PBXGroup;
			children = (
				EA2796DD2CA4920400932D07 /* PercentageCalculatorMainView.swift */,
				EA2796E12CA4927D00932D07 /* DecreaseByPercentageView.swift */,
				EA2796E52CA492A700932D07 /* FindPercentageView.swift */,
				EA2796E32CA4929600932D07 /* IncreaseByPercentageView.swift */,
				EA2796DF2CA4926400932D07 /* WhatPercentageIsView.swift */,
			);
			path = PercentageCalculator;
			sourceTree = "<group>";
		};
		EA9830732CAEFA5D005A107D /* Menu */ = {
			isa = PBXGroup;
			children = (
				EA98306B2CAED0B4005A107D /* MenuView.swift */,
				EA98306F2CAEF66C005A107D /* InfoView.swift */,
				EA9830712CAEF885005A107D /* SettingsView.swift */,
			);
			path = Menu;
			sourceTree = "<group>";
		};
		EAFCBD632CB6ACD80020D4F8 /* Extensions */ = {
			isa = PBXGroup;
			children = (
				EA2796E72CA4CE3B00932D07 /* Color+Hex.swift */,
				EA9830672CAEAF15005A107D /* UIView+Extensions.swift */,
			);
			path = Extensions;
			sourceTree = "<group>";
		};
/* End PBXGroup section */

/* Begin PBXNativeTarget section */
		EA2796A72CA4869500932D07 /* BusinessCalculator */ = {
			isa = PBXNativeTarget;
			buildConfigurationList = EA2796CC2CA4869900932D07 /* Build configuration list for PBXNativeTarget "BusinessCalculator" */;
			buildPhases = (
				EA2796A42CA4869500932D07 /* Sources */,
				EA2796A52CA4869500932D07 /* Frameworks */,
				EA2796A62CA4869500932D07 /* Resources */,
			);
			buildRules = (
			);
			dependencies = (
			);
			name = BusinessCalculator;
			productName = BusinessCalculator;
			productReference = EA2796A82CA4869500932D07 /* Business Calculator.app */;
			productType = "com.apple.product-type.application";
		};
		EA2796B72CA4869900932D07 /* BusinessCalculatorTests */ = {
			isa = PBXNativeTarget;
			buildConfigurationList = EA2796CF2CA4869900932D07 /* Build configuration list for PBXNativeTarget "BusinessCalculatorTests" */;
			buildPhases = (
				EA2796B42CA4869900932D07 /* Sources */,
				EA2796B52CA4869900932D07 /* Frameworks */,
				EA2796B62CA4869900932D07 /* Resources */,
			);
			buildRules = (
			);
			dependencies = (
				EA2796BA2CA4869900932D07 /* PBXTargetDependency */,
			);
			name = BusinessCalculatorTests;
			productName = BusinessCalculatorTests;
			productReference = EA2796B82CA4869900932D07 /* BusinessCalculatorTests.xctest */;
			productType = "com.apple.product-type.bundle.unit-test";
		};
		EA2796C12CA4869900932D07 /* BusinessCalculatorUITests */ = {
			isa = PBXNativeTarget;
			buildConfigurationList = EA2796D22CA4869900932D07 /* Build configuration list for PBXNativeTarget "BusinessCalculatorUITests" */;
			buildPhases = (
				EA2796BE2CA4869900932D07 /* Sources */,
				EA2796BF2CA4869900932D07 /* Frameworks */,
				EA2796C02CA4869900932D07 /* Resources */,
			);
			buildRules = (
			);
			dependencies = (
				EA2796C42CA4869900932D07 /* PBXTargetDependency */,
			);
			name = BusinessCalculatorUITests;
			productName = BusinessCalculatorUITests;
			productReference = EA2796C22CA4869900932D07 /* BusinessCalculatorUITests.xctest */;
			productType = "com.apple.product-type.bundle.ui-testing";
		};
/* End PBXNativeTarget section */

/* Begin PBXProject section */
		EA2796A02CA4869500932D07 /* Project object */ = {
			isa = PBXProject;
			attributes = {
				BuildIndependentTargetsInParallel = 1;
				LastSwiftUpdateCheck = 1540;
				LastUpgradeCheck = 1540;
				TargetAttributes = {
					EA2796A72CA4869500932D07 = {
						CreatedOnToolsVersion = 15.4;
					};
					EA2796B72CA4869900932D07 = {
						CreatedOnToolsVersion = 15.4;
						TestTargetID = EA2796A72CA4869500932D07;
					};
					EA2796C12CA4869900932D07 = {
						CreatedOnToolsVersion = 15.4;
						TestTargetID = EA2796A72CA4869500932D07;
					};
				};
			};
			buildConfigurationList = EA2796A32CA4869500932D07 /* Build configuration list for PBXProject "BusinessCalculator" */;
			compatibilityVersion = "Xcode 14.0";
			developmentRegion = en;
			hasScannedForEncodings = 0;
			knownRegions = (
				en,
				Base,
			);
			mainGroup = EA27969F2CA4869500932D07;
			productRefGroup = EA2796A92CA4869500932D07 /* Products */;
			projectDirPath = "";
			projectRoot = "";
			targets = (
				EA2796A72CA4869500932D07 /* BusinessCalculator */,
				EA2796B72CA4869900932D07 /* BusinessCalculatorTests */,
				EA2796C12CA4869900932D07 /* BusinessCalculatorUITests */,
			);
		};
/* End PBXProject section */

/* Begin PBXResourcesBuildPhase section */
		EA2796A62CA4869500932D07 /* Resources */ = {
			isa = PBXResourcesBuildPhase;
			buildActionMask = 2147483647;
			files = (
				EA9830662CAC1857005A107D /* Launch Screen.storyboard in Resources */,
				EA2796B32CA4869800932D07 /* Preview Assets.xcassets in Resources */,
				EA2796B02CA4869800932D07 /* Assets.xcassets in Resources */,
			);
			runOnlyForDeploymentPostprocessing = 0;
		};
		EA2796B62CA4869900932D07 /* Resources */ = {
			isa = PBXResourcesBuildPhase;
			buildActionMask = 2147483647;
			files = (
			);
			runOnlyForDeploymentPostprocessing = 0;
		};
		EA2796C02CA4869900932D07 /* Resources */ = {
			isa = PBXResourcesBuildPhase;
			buildActionMask = 2147483647;
			files = (
			);
			runOnlyForDeploymentPostprocessing = 0;
		};
/* End PBXResourcesBuildPhase section */

/* Begin PBXSourcesBuildPhase section */
		EA2796A42CA4869500932D07 /* Sources */ = {
			isa = PBXSourcesBuildPhase;
			buildActionMask = 2147483647;
			files = (
				EA2796AE2CA4869500932D07 /* ContentView.swift in Sources */,
				EA2796E22CA4927D00932D07 /* DecreaseByPercentageView.swift in Sources */,
				EA2796E02CA4926400932D07 /* WhatPercentageIsView.swift in Sources */,
				EA2796AC2CA4869500932D07 /* BusinessCalculatorApp.swift in Sources */,
				EA9830702CAEF66C005A107D /* InfoView.swift in Sources */,
				EA2796D82CA487C000932D07 /* BasicCalculatorView.swift in Sources */,
				EA2796DE2CA4920400932D07 /* PercentageCalculatorMainView.swift in Sources */,
				EA9830682CAEAF15005A107D /* UIView+Extensions.swift in Sources */,
				EA98306C2CAED0B4005A107D /* MenuView.swift in Sources */,
				EA2796E62CA492A700932D07 /* FindPercentageView.swift in Sources */,
				EA2796E42CA4929600932D07 /* IncreaseByPercentageView.swift in Sources */,
				EA2796E82CA4CE3B00932D07 /* Color+Hex.swift in Sources */,
				EA9830722CAEF885005A107D /* SettingsView.swift in Sources */,
				EAFCBD672CB948DE0020D4F8 /* ThemeManager.swift in Sources */,
			);
			runOnlyForDeploymentPostprocessing = 0;
		};
		EA2796B42CA4869900932D07 /* Sources */ = {
			isa = PBXSourcesBuildPhase;
			buildActionMask = 2147483647;
			files = (
				EA2796BD2CA4869900932D07 /* BusinessCalculatorTests.swift in Sources */,
			);
			runOnlyForDeploymentPostprocessing = 0;
		};
		EA2796BE2CA4869900932D07 /* Sources */ = {
			isa = PBXSourcesBuildPhase;
			buildActionMask = 2147483647;
			files = (
				EA2796C92CA4869900932D07 /* BusinessCalculatorUITestsLaunchTests.swift in Sources */,
				EA2796C72CA4869900932D07 /* BusinessCalculatorUITests.swift in Sources */,
			);
			runOnlyForDeploymentPostprocessing = 0;
		};
/* End PBXSourcesBuildPhase section */

/* Begin PBXTargetDependency section */
		EA2796BA2CA4869900932D07 /* PBXTargetDependency */ = {
			isa = PBXTargetDependency;
			target = EA2796A72CA4869500932D07 /* BusinessCalculator */;
			targetProxy = EA2796B92CA4869900932D07 /* PBXContainerItemProxy */;
		};
		EA2796C42CA4869900932D07 /* PBXTargetDependency */ = {
			isa = PBXTargetDependency;
			target = EA2796A72CA4869500932D07 /* BusinessCalculator */;
			targetProxy = EA2796C32CA4869900932D07 /* PBXContainerItemProxy */;
		};
/* End PBXTargetDependency section */

/* Begin XCBuildConfiguration section */
		EA2796CA2CA4869900932D07 /* Debug */ = {
			isa = XCBuildConfiguration;
			buildSettings = {
				ALWAYS_SEARCH_USER_PATHS = NO;
				ASSETCATALOG_COMPILER_GENERATE_SWIFT_ASSET_SYMBOL_EXTENSIONS = YES;
				CLANG_ANALYZER_NONNULL = YES;
				CLANG_ANALYZER_NUMBER_OBJECT_CONVERSION = YES_AGGRESSIVE;
				CLANG_CXX_LANGUAGE_STANDARD = "gnu++20";
				CLANG_ENABLE_MODULES = YES;
				CLANG_ENABLE_OBJC_ARC = YES;
				CLANG_ENABLE_OBJC_WEAK = YES;
				CLANG_WARN_BLOCK_CAPTURE_AUTORELEASING = YES;
				CLANG_WARN_BOOL_CONVERSION = YES;
				CLANG_WARN_COMMA = YES;
				CLANG_WARN_CONSTANT_CONVERSION = YES;
				CLANG_WARN_DEPRECATED_OBJC_IMPLEMENTATIONS = YES;
				CLANG_WARN_DIRECT_OBJC_ISA_USAGE = YES_ERROR;
				CLANG_WARN_DOCUMENTATION_COMMENTS = YES;
				CLANG_WARN_EMPTY_BODY = YES;
				CLANG_WARN_ENUM_CONVERSION = YES;
				CLANG_WARN_INFINITE_RECURSION = YES;
				CLANG_WARN_INT_CONVERSION = YES;
				CLANG_WARN_NON_LITERAL_NULL_CONVERSION = YES;
				CLANG_WARN_OBJC_IMPLICIT_RETAIN_SELF = YES;
				CLANG_WARN_OBJC_LITERAL_CONVERSION = YES;
				CLANG_WARN_OBJC_ROOT_CLASS = YES_ERROR;
				CLANG_WARN_QUOTED_INCLUDE_IN_FRAMEWORK_HEADER = YES;
				CLANG_WARN_RANGE_LOOP_ANALYSIS = YES;
				CLANG_WARN_STRICT_PROTOTYPES = YES;
				CLANG_WARN_SUSPICIOUS_MOVE = YES;
				CLANG_WARN_UNGUARDED_AVAILABILITY = YES_AGGRESSIVE;
				CLANG_WARN_UNREACHABLE_CODE = YES;
				CLANG_WARN__DUPLICATE_METHOD_MATCH = YES;
				COPY_PHASE_STRIP = NO;
				DEBUG_INFORMATION_FORMAT = dwarf;
				ENABLE_STRICT_OBJC_MSGSEND = YES;
				ENABLE_TESTABILITY = YES;
				ENABLE_USER_SCRIPT_SANDBOXING = YES;
				GCC_C_LANGUAGE_STANDARD = gnu17;
				GCC_DYNAMIC_NO_PIC = NO;
				GCC_NO_COMMON_BLOCKS = YES;
				GCC_OPTIMIZATION_LEVEL = 0;
				GCC_PREPROCESSOR_DEFINITIONS = (
					"DEBUG=1",
					"$(inherited)",
				);
				GCC_WARN_64_TO_32_BIT_CONVERSION = YES;
				GCC_WARN_ABOUT_RETURN_TYPE = YES_ERROR;
				GCC_WARN_UNDECLARED_SELECTOR = YES;
				GCC_WARN_UNINITIALIZED_AUTOS = YES_AGGRESSIVE;
				GCC_WARN_UNUSED_FUNCTION = YES;
				GCC_WARN_UNUSED_VARIABLE = YES;
				IPHONEOS_DEPLOYMENT_TARGET = 17.5;
				LOCALIZATION_PREFERS_STRING_CATALOGS = YES;
				MTL_ENABLE_DEBUG_INFO = INCLUDE_SOURCE;
				MTL_FAST_MATH = YES;
				ONLY_ACTIVE_ARCH = YES;
				SDKROOT = iphoneos;
				SWIFT_ACTIVE_COMPILATION_CONDITIONS = "DEBUG $(inherited)";
				SWIFT_OPTIMIZATION_LEVEL = "-Onone";
			};
			name = Debug;
		};
		EA2796CB2CA4869900932D07 /* Release */ = {
			isa = XCBuildConfiguration;
			buildSettings = {
				ALWAYS_SEARCH_USER_PATHS = NO;
				ASSETCATALOG_COMPILER_GENERATE_SWIFT_ASSET_SYMBOL_EXTENSIONS = YES;
				CLANG_ANALYZER_NONNULL = YES;
				CLANG_ANALYZER_NUMBER_OBJECT_CONVERSION = YES_AGGRESSIVE;
				CLANG_CXX_LANGUAGE_STANDARD = "gnu++20";
				CLANG_ENABLE_MODULES = YES;
				CLANG_ENABLE_OBJC_ARC = YES;
				CLANG_ENABLE_OBJC_WEAK = YES;
				CLANG_WARN_BLOCK_CAPTURE_AUTORELEASING = YES;
				CLANG_WARN_BOOL_CONVERSION = YES;
				CLANG_WARN_COMMA = YES;
				CLANG_WARN_CONSTANT_CONVERSION = YES;
				CLANG_WARN_DEPRECATED_OBJC_IMPLEMENTATIONS = YES;
				CLANG_WARN_DIRECT_OBJC_ISA_USAGE = YES_ERROR;
				CLANG_WARN_DOCUMENTATION_COMMENTS = YES;
				CLANG_WARN_EMPTY_BODY = YES;
				CLANG_WARN_ENUM_CONVERSION = YES;
				CLANG_WARN_INFINITE_RECURSION = YES;
				CLANG_WARN_INT_CONVERSION = YES;
				CLANG_WARN_NON_LITERAL_NULL_CONVERSION = YES;
				CLANG_WARN_OBJC_IMPLICIT_RETAIN_SELF = YES;
				CLANG_WARN_OBJC_LITERAL_CONVERSION = YES;
				CLANG_WARN_OBJC_ROOT_CLASS = YES_ERROR;
				CLANG_WARN_QUOTED_INCLUDE_IN_FRAMEWORK_HEADER = YES;
				CLANG_WARN_RANGE_LOOP_ANALYSIS = YES;
				CLANG_WARN_STRICT_PROTOTYPES = YES;
				CLANG_WARN_SUSPICIOUS_MOVE = YES;
				CLANG_WARN_UNGUARDED_AVAILABILITY = YES_AGGRESSIVE;
				CLANG_WARN_UNREACHABLE_CODE = YES;
				CLANG_WARN__DUPLICATE_METHOD_MATCH = YES;
				COPY_PHASE_STRIP = NO;
				DEBUG_INFORMATION_FORMAT = "dwarf-with-dsym";
				ENABLE_NS_ASSERTIONS = NO;
				ENABLE_STRICT_OBJC_MSGSEND = YES;
				ENABLE_USER_SCRIPT_SANDBOXING = YES;
				GCC_C_LANGUAGE_STANDARD = gnu17;
				GCC_NO_COMMON_BLOCKS = YES;
				GCC_WARN_64_TO_32_BIT_CONVERSION = YES;
				GCC_WARN_ABOUT_RETURN_TYPE = YES_ERROR;
				GCC_WARN_UNDECLARED_SELECTOR = YES;
				GCC_WARN_UNINITIALIZED_AUTOS = YES_AGGRESSIVE;
				GCC_WARN_UNUSED_FUNCTION = YES;
				GCC_WARN_UNUSED_VARIABLE = YES;
				IPHONEOS_DEPLOYMENT_TARGET = 17.5;
				LOCALIZATION_PREFERS_STRING_CATALOGS = YES;
				MTL_ENABLE_DEBUG_INFO = NO;
				MTL_FAST_MATH = YES;
				SDKROOT = iphoneos;
				SWIFT_COMPILATION_MODE = wholemodule;
				VALIDATE_PRODUCT = YES;
			};
			name = Release;
		};
		EA2796CD2CA4869900932D07 /* Debug */ = {
			isa = XCBuildConfiguration;
			buildSettings = {
				ASSETCATALOG_COMPILER_APPICON_NAME = AppIcon;
				ASSETCATALOG_COMPILER_GLOBAL_ACCENT_COLOR_NAME = AccentColor;
				CODE_SIGN_STYLE = Automatic;
				CURRENT_PROJECT_VERSION = 1;
				DEVELOPMENT_ASSET_PATHS = "\"BusinessCalculator/Preview Content\"";
				DEVELOPMENT_TEAM = 8KD73JRNL8;
				ENABLE_PREVIEWS = YES;
				GENERATE_INFOPLIST_FILE = YES;
				INFOPLIST_KEY_UIApplicationSceneManifest_Generation = YES;
				INFOPLIST_KEY_UIApplicationSupportsIndirectInputEvents = YES;
				INFOPLIST_KEY_UILaunchScreen_Generation = YES;
				INFOPLIST_KEY_UILaunchStoryboardName = "Launch Screen.storyboard";
				INFOPLIST_KEY_UISupportedInterfaceOrientations = UIInterfaceOrientationPortrait;
				INFOPLIST_KEY_UISupportedInterfaceOrientations_iPad = "UIInterfaceOrientationPortrait UIInterfaceOrientationPortraitUpsideDown";
				LD_RUNPATH_SEARCH_PATHS = (
					"$(inherited)",
					"@executable_path/Frameworks",
				);
				MARKETING_VERSION = 1.0;
				PRODUCT_BUNDLE_IDENTIFIER = org.maximboykin.BusinessCalculator;
				PRODUCT_NAME = "Business Calculator";
				SWIFT_EMIT_LOC_STRINGS = YES;
				SWIFT_VERSION = 5.0;
				TARGETED_DEVICE_FAMILY = "1,2";
			};
			name = Debug;
		};
		EA2796CE2CA4869900932D07 /* Release */ = {
			isa = XCBuildConfiguration;
			buildSettings = {
				ASSETCATALOG_COMPILER_APPICON_NAME = AppIcon;
				ASSETCATALOG_COMPILER_GLOBAL_ACCENT_COLOR_NAME = AccentColor;
				CODE_SIGN_STYLE = Automatic;
				CURRENT_PROJECT_VERSION = 1;
				DEVELOPMENT_ASSET_PATHS = "\"BusinessCalculator/Preview Content\"";
				DEVELOPMENT_TEAM = 8KD73JRNL8;
				ENABLE_PREVIEWS = YES;
				GENERATE_INFOPLIST_FILE = YES;
				INFOPLIST_KEY_UIApplicationSceneManifest_Generation = YES;
				INFOPLIST_KEY_UIApplicationSupportsIndirectInputEvents = YES;
				INFOPLIST_KEY_UILaunchScreen_Generation = YES;
				INFOPLIST_KEY_UILaunchStoryboardName = "Launch Screen.storyboard";
				INFOPLIST_KEY_UISupportedInterfaceOrientations = UIInterfaceOrientationPortrait;
				INFOPLIST_KEY_UISupportedInterfaceOrientations_iPad = "UIInterfaceOrientationPortrait UIInterfaceOrientationPortraitUpsideDown";
				LD_RUNPATH_SEARCH_PATHS = (
					"$(inherited)",
					"@executable_path/Frameworks",
				);
				MARKETING_VERSION = 1.0;
				PRODUCT_BUNDLE_IDENTIFIER = org.maximboykin.BusinessCalculator;
				PRODUCT_NAME = "Business Calculator";
				SWIFT_EMIT_LOC_STRINGS = YES;
				SWIFT_VERSION = 5.0;
				TARGETED_DEVICE_FAMILY = "1,2";
			};
			name = Release;
		};
		EA2796D02CA4869900932D07 /* Debug */ = {
			isa = XCBuildConfiguration;
			buildSettings = {
				ALWAYS_EMBED_SWIFT_STANDARD_LIBRARIES = YES;
				BUNDLE_LOADER = "$(TEST_HOST)";
				CODE_SIGN_STYLE = Automatic;
				CURRENT_PROJECT_VERSION = 1;
				DEVELOPMENT_TEAM = 8KD73JRNL8;
				GENERATE_INFOPLIST_FILE = YES;
				IPHONEOS_DEPLOYMENT_TARGET = 17.5;
				MARKETING_VERSION = 1.0;
				PRODUCT_BUNDLE_IDENTIFIER = org.maximboykin.BusinessCalculatorTests;
				PRODUCT_NAME = "$(TARGET_NAME)";
				SWIFT_EMIT_LOC_STRINGS = NO;
				SWIFT_VERSION = 5.0;
				TARGETED_DEVICE_FAMILY = "1,2";
				TEST_HOST = "$(BUILT_PRODUCTS_DIR)/BusinessCalculator.app/$(BUNDLE_EXECUTABLE_FOLDER_PATH)/BusinessCalculator";
			};
			name = Debug;
		};
		EA2796D12CA4869900932D07 /* Release */ = {
			isa = XCBuildConfiguration;
			buildSettings = {
				ALWAYS_EMBED_SWIFT_STANDARD_LIBRARIES = YES;
				BUNDLE_LOADER = "$(TEST_HOST)";
				CODE_SIGN_STYLE = Automatic;
				CURRENT_PROJECT_VERSION = 1;
				DEVELOPMENT_TEAM = 8KD73JRNL8;
				GENERATE_INFOPLIST_FILE = YES;
				IPHONEOS_DEPLOYMENT_TARGET = 17.5;
				MARKETING_VERSION = 1.0;
				PRODUCT_BUNDLE_IDENTIFIER = org.maximboykin.BusinessCalculatorTests;
				PRODUCT_NAME = "$(TARGET_NAME)";
				SWIFT_EMIT_LOC_STRINGS = NO;
				SWIFT_VERSION = 5.0;
				TARGETED_DEVICE_FAMILY = "1,2";
				TEST_HOST = "$(BUILT_PRODUCTS_DIR)/BusinessCalculator.app/$(BUNDLE_EXECUTABLE_FOLDER_PATH)/BusinessCalculator";
			};
			name = Release;
		};
		EA2796D32CA4869900932D07 /* Debug */ = {
			isa = XCBuildConfiguration;
			buildSettings = {
				ALWAYS_EMBED_SWIFT_STANDARD_LIBRARIES = YES;
				CODE_SIGN_STYLE = Automatic;
				CURRENT_PROJECT_VERSION = 1;
				DEVELOPMENT_TEAM = 8KD73JRNL8;
				GENERATE_INFOPLIST_FILE = YES;
				MARKETING_VERSION = 1.0;
				PRODUCT_BUNDLE_IDENTIFIER = org.maximboykin.BusinessCalculatorUITests;
				PRODUCT_NAME = "$(TARGET_NAME)";
				SWIFT_EMIT_LOC_STRINGS = NO;
				SWIFT_VERSION = 5.0;
				TARGETED_DEVICE_FAMILY = "1,2";
				TEST_TARGET_NAME = BusinessCalculator;
			};
			name = Debug;
		};
		EA2796D42CA4869900932D07 /* Release */ = {
			isa = XCBuildConfiguration;
			buildSettings = {
				ALWAYS_EMBED_SWIFT_STANDARD_LIBRARIES = YES;
				CODE_SIGN_STYLE = Automatic;
				CURRENT_PROJECT_VERSION = 1;
				DEVELOPMENT_TEAM = 8KD73JRNL8;
				GENERATE_INFOPLIST_FILE = YES;
				MARKETING_VERSION = 1.0;
				PRODUCT_BUNDLE_IDENTIFIER = org.maximboykin.BusinessCalculatorUITests;
				PRODUCT_NAME = "$(TARGET_NAME)";
				SWIFT_EMIT_LOC_STRINGS = NO;
				SWIFT_VERSION = 5.0;
				TARGETED_DEVICE_FAMILY = "1,2";
				TEST_TARGET_NAME = BusinessCalculator;
			};
			name = Release;
		};
/* End XCBuildConfiguration section */

/* Begin XCConfigurationList section */
		EA2796A32CA4869500932D07 /* Build configuration list for PBXProject "BusinessCalculator" */ = {
			isa = XCConfigurationList;
			buildConfigurations = (
				EA2796CA2CA4869900932D07 /* Debug */,
				EA2796CB2CA4869900932D07 /* Release */,
			);
			defaultConfigurationIsVisible = 0;
			defaultConfigurationName = Release;
		};
		EA2796CC2CA4869900932D07 /* Build configuration list for PBXNativeTarget "BusinessCalculator" */ = {
			isa = XCConfigurationList;
			buildConfigurations = (
				EA2796CD2CA4869900932D07 /* Debug */,
				EA2796CE2CA4869900932D07 /* Release */,
			);
			defaultConfigurationIsVisible = 0;
			defaultConfigurationName = Release;
		};
		EA2796CF2CA4869900932D07 /* Build configuration list for PBXNativeTarget "BusinessCalculatorTests" */ = {
			isa = XCConfigurationList;
			buildConfigurations = (
				EA2796D02CA4869900932D07 /* Debug */,
				EA2796D12CA4869900932D07 /* Release */,
			);
			defaultConfigurationIsVisible = 0;
			defaultConfigurationName = Release;
		};
		EA2796D22CA4869900932D07 /* Build configuration list for PBXNativeTarget "BusinessCalculatorUITests" */ = {
			isa = XCConfigurationList;
			buildConfigurations = (
				EA2796D32CA4869900932D07 /* Debug */,
				EA2796D42CA4869900932D07 /* Release */,
			);
			defaultConfigurationIsVisible = 0;
			defaultConfigurationName = Release;
		};
/* End XCConfigurationList section */
	};
	rootObject = EA2796A02CA4869500932D07 /* Project object */;
}
